<Solution>
  <Project Path="SettlersOfIdlestan/SettlersOfIdlestanCore.csproj" />
  <Project Path="SettlersOfIdlestanDesktop/SettlersOfIdlestanDesktop.csproj" />
  <Project Path="SettlersOfIdlestanSkia/SettlersOfIdlestanSkia.csproj" Id="543bfa41-33ea-4bbc-b08b-6df3220306d1" />
  <Project Path="SettlersOfIdlestanOpenTK/SettlersOfIdlestanOpenTK.csproj" />
  <Project Path="SettlersOfIdlestanWeb/SettlersOfIdlestanWeb.csproj" />
  <Project Path="SettlersOfIdlestanUI/SettlersOfIdlestanUI.csproj" />
  <Project Path="SettlersOfIdlestanAvalonia.Desktop/SettlersOfIdlestanAvalonia.Desktop.csproj" />
  <Project Path="SettlersOfIdlestanAvalonia.Browser/SettlersOfIdlestanAvalonia.Browser.csproj" />
  <Project Path="SettlersOfIdlestanAvalonia.iOS/SettlersOfIdlestanAvalonia.iOS.csproj" />
  <Project Path="SOITests/SOITests.csproj">
    <BuildDependency Project="SettlersOfIdlestan/SettlersOfIdlestanCore.csproj" />
  </Project>
  <Project Path="SOIUITests/SOIUITests.csproj">
    <BuildDependency Project="SettlersOfIdlestanUI/SettlersOfIdlestanUI.csproj" />
  </Project>
  <Project Path="SOIStrategyTester/SOIStrategyTester.csproj">
    <BuildDependency Project="SettlersOfIdlestan/SettlersOfIdlestanCore.csproj" />
  </Project>
  <Project Path="SOICapsuleGenerator/SOICapsuleGenerator.csproj">
    <BuildDependency Project="SettlersOfIdlestanSkia/SettlersOfIdlestanSkia.csproj" />
  </Project>
</Solution>
